[root]
name = "embedding"
version = "0.0.1"
dependencies = [
 "azure 0.1.0 (git+https://github.com/servo/rust-azure)",
 "cocoa 0.1.1 (git+https://github.com/servo/rust-cocoa)",
 "core_graphics 0.1.0 (git+https://github.com/servo/rust-core-graphics)",
 "core_text 0.1.0 (git+https://github.com/servo/rust-core-text)",
 "devtools 0.0.1",
 "geom 0.1.0 (git+https://github.com/servo/rust-geom)",
 "gfx 0.0.1",
 "glutin_app 0.0.1",
 "js 0.1.0 (git+https://github.com/servo/rust-mozjs)",
 "layers 0.1.0 (git+https://github.com/servo/rust-layers)",
 "msg 0.0.1",
 "net 0.0.1",
 "plugins 0.0.1",
 "png 0.1.0 (git+https://github.com/servo/rust-png)",
 "script 0.0.1",
 "servo 0.0.1",
 "stb_image 0.1.0 (git+https://github.com/servo/rust-stb-image)",
 "style 0.0.1",
 "util 0.0.1",
]

[[package]]
name = "android_glue"
version = "0.0.1"
source = "git+https://github.com/tomaka/android-rs-glue#47c08cd43963f21ab6597505f13d623624e7be0f"
dependencies = [
 "compile_msg 0.1.3 (git+https://github.com/huonw/compile_msg)",
]

[[package]]
name = "azure"
version = "0.1.0"
source = "git+https://github.com/servo/rust-azure#779233af589e797f07e9e2f3f45017fb55c33c68"
dependencies = [
 "core_foundation 0.1.0 (git+https://github.com/servo/rust-core-foundation)",
 "core_graphics 0.1.0 (git+https://github.com/servo/rust-core-graphics)",
 "core_text 0.1.0 (git+https://github.com/servo/rust-core-text)",
 "egl 0.1.0 (git+https://github.com/servo/rust-egl)",
 "freetype 0.1.0 (git+https://github.com/servo/rust-freetype)",
 "geom 0.1.0 (git+https://github.com/servo/rust-geom)",
 "skia 0.0.20130412 (git+https://github.com/servo/skia?branch=upstream-2014-06-16)",
 "xlib 0.1.0 (git+https://github.com/servo/rust-xlib)",
]

[[package]]
name = "bitflags"
version = "0.1.0"
source = "registry+https://github.com/rust-lang/crates.io-index"

[[package]]
name = "canvas"
version = "0.0.1"
dependencies = [
 "azure 0.1.0 (git+https://github.com/servo/rust-azure)",
 "geom 0.1.0 (git+https://github.com/servo/rust-geom)",
 "util 0.0.1",
]

[[package]]
name = "cgl"
version = "0.0.1"
source = "git+https://github.com/servo/rust-cgl#7b7090729f65e2287c3d80651df02e547911b119"
dependencies = [
 "gleam 0.0.1 (git+https://github.com/servo/gleam)",
]

[[package]]
name = "cocoa"
version = "0.1.1"
source = "git+https://github.com/servo/rust-cocoa#1b7134a7c0469f6645dd543ad7b486b104067c57"
dependencies = [
 "bitflags 0.1.0 (registry+https://github.com/rust-lang/crates.io-index)",
]

[[package]]
name = "compile_msg"
version = "0.1.3"
source = "git+https://github.com/huonw/compile_msg#b19da50cacf5b11bbc065da6b449f6b4fe7c019a"

[[package]]
name = "compositing"
version = "0.0.1"
dependencies = [
 "azure 0.1.0 (git+https://github.com/servo/rust-azure)",
 "core_graphics 0.1.0 (git+https://github.com/servo/rust-core-graphics)",
 "core_text 0.1.0 (git+https://github.com/servo/rust-core-text)",
 "devtools 0.0.1",
 "devtools_traits 0.0.1",
 "geom 0.1.0 (git+https://github.com/servo/rust-geom)",
 "gfx 0.0.1",
 "gleam 0.0.1 (git+https://github.com/servo/gleam)",
 "layers 0.1.0 (git+https://github.com/servo/rust-layers)",
 "layout_traits 0.0.1",
 "msg 0.0.1",
 "net 0.0.1",
 "png 0.1.0 (git+https://github.com/servo/rust-png)",
 "script_traits 0.0.1",
 "time 0.1.15 (registry+https://github.com/rust-lang/crates.io-index)",
 "url 0.2.17 (registry+https://github.com/rust-lang/crates.io-index)",
 "util 0.0.1",
]

[[package]]
name = "cookie"
version = "0.1.9"
source = "registry+https://github.com/rust-lang/crates.io-index"
dependencies = [
 "openssl 0.2.18 (registry+https://github.com/rust-lang/crates.io-index)",
 "rustc-serialize 0.2.10 (registry+https://github.com/rust-lang/crates.io-index)",
 "time 0.1.15 (registry+https://github.com/rust-lang/crates.io-index)",
 "url 0.2.17 (registry+https://github.com/rust-lang/crates.io-index)",
]

[[package]]
name = "core_foundation"
version = "0.1.0"
source = "git+https://github.com/servo/rust-core-foundation#eb754c70a082d74fb28aef316f283a0c6fb808f0"

[[package]]
name = "core_graphics"
version = "0.1.0"
source = "git+https://github.com/servo/rust-core-graphics#9434e2bda65d259f825104170b5fa6cc6dbaf5a9"
dependencies = [
 "core_foundation 0.1.0 (git+https://github.com/servo/rust-core-foundation)",
]

[[package]]
name = "core_text"
version = "0.1.0"
source = "git+https://github.com/servo/rust-core-text#e769be9cb3366f9d403ddbee040e031ce03d32bb"
dependencies = [
 "core_foundation 0.1.0 (git+https://github.com/servo/rust-core-foundation)",
 "core_graphics 0.1.0 (git+https://github.com/servo/rust-core-graphics)",
]

[[package]]
name = "cssparser"
version = "0.2.0"
source = "git+https://github.com/servo/rust-cssparser#e9b7dbd9b09ec7b4e65b8b457eaa3bcc6c6de276"
dependencies = [
 "encoding 0.2.20 (registry+https://github.com/rust-lang/crates.io-index)",
 "matches 0.1.2 (registry+https://github.com/rust-lang/crates.io-index)",
 "text_writer 0.1.8 (registry+https://github.com/rust-lang/crates.io-index)",
]

[[package]]
name = "devtools"
version = "0.0.1"
dependencies = [
 "devtools_traits 0.0.1",
 "msg 0.0.1",
 "util 0.0.1",
]

[[package]]
name = "devtools_traits"
version = "0.0.1"
dependencies = [
 "msg 0.0.1",
]

[[package]]
name = "egl"
version = "0.1.0"
source = "git+https://github.com/servo/rust-egl#328e79b6256dea346f1821ccc4215e95fd1d58bc"

[[package]]
name = "encoding"
version = "0.2.20"
source = "registry+https://github.com/rust-lang/crates.io-index"
dependencies = [
 "encoding-index-japanese 1.20141219.1 (registry+https://github.com/rust-lang/crates.io-index)",
 "encoding-index-korean 1.20141219.1 (registry+https://github.com/rust-lang/crates.io-index)",
 "encoding-index-simpchinese 1.20141219.1 (registry+https://github.com/rust-lang/crates.io-index)",
 "encoding-index-singlebyte 1.20141219.1 (registry+https://github.com/rust-lang/crates.io-index)",
 "encoding-index-tradchinese 1.20141219.1 (registry+https://github.com/rust-lang/crates.io-index)",
]

[[package]]
name = "encoding-index-japanese"
version = "1.20141219.1"
source = "registry+https://github.com/rust-lang/crates.io-index"
dependencies = [
 "encoding_index_tests 0.1.3 (registry+https://github.com/rust-lang/crates.io-index)",
]

[[package]]
name = "encoding-index-korean"
version = "1.20141219.1"
source = "registry+https://github.com/rust-lang/crates.io-index"
dependencies = [
 "encoding_index_tests 0.1.3 (registry+https://github.com/rust-lang/crates.io-index)",
]

[[package]]
name = "encoding-index-simpchinese"
version = "1.20141219.1"
source = "registry+https://github.com/rust-lang/crates.io-index"
dependencies = [
 "encoding_index_tests 0.1.3 (registry+https://github.com/rust-lang/crates.io-index)",
]

[[package]]
name = "encoding-index-singlebyte"
version = "1.20141219.1"
source = "registry+https://github.com/rust-lang/crates.io-index"
dependencies = [
 "encoding_index_tests 0.1.3 (registry+https://github.com/rust-lang/crates.io-index)",
]

[[package]]
name = "encoding-index-tradchinese"
version = "1.20141219.1"
source = "registry+https://github.com/rust-lang/crates.io-index"
dependencies = [
 "encoding_index_tests 0.1.3 (registry+https://github.com/rust-lang/crates.io-index)",
]

[[package]]
name = "encoding_index_tests"
version = "0.1.3"
source = "registry+https://github.com/rust-lang/crates.io-index"

[[package]]
name = "expat-sys"
version = "2.1.0"
source = "git+https://github.com/servo/libexpat#da2ddaf78cbef836b8790807bb76b357c58df3a1"

[[package]]
name = "fontconfig"
version = "0.1.0"
source = "git+https://github.com/servo/rust-fontconfig#91195bd29daa9280680bb28ba556821d504a17c6"
dependencies = [
 "fontconfig-sys 2.11.1 (git+https://github.com/servo/libfontconfig)",
]

[[package]]
name = "fontconfig-sys"
version = "2.11.1"
source = "git+https://github.com/servo/libfontconfig#daad401395620eb2bf5398b553074931cf91f932"
dependencies = [
 "expat-sys 2.1.0 (git+https://github.com/servo/libexpat)",
 "freetype-sys 2.4.11 (git+https://github.com/servo/libfreetype2)",
]

[[package]]
name = "freetype"
version = "0.1.0"
source = "git+https://github.com/servo/rust-freetype#f65e8d82550b5d5b06a7785a13a008e125c30b7a"

[[package]]
name = "freetype-sys"
version = "2.4.11"
source = "git+https://github.com/servo/libfreetype2#dcee725a19e4ec7ab3d92ed4b859c2392a23f31f"

[[package]]
name = "gcc"
version = "0.1.7"
source = "git+https://github.com/alexcrichton/gcc-rs#016cc1597bbe52c26e41cf687476ba93f27fec41"

[[package]]
name = "gcc"
version = "0.1.7"
source = "registry+https://github.com/rust-lang/crates.io-index"

[[package]]
name = "geom"
version = "0.1.0"
source = "git+https://github.com/servo/rust-geom#105bc29cc3f28122e212b0e81b216291089ad9e9"

[[package]]
name = "gfx"
version = "0.0.1"
dependencies = [
 "azure 0.1.0 (git+https://github.com/servo/rust-azure)",
 "core_foundation 0.1.0 (git+https://github.com/servo/rust-core-foundation)",
 "core_graphics 0.1.0 (git+https://github.com/servo/rust-core-graphics)",
 "core_text 0.1.0 (git+https://github.com/servo/rust-core-text)",
 "fontconfig 0.1.0 (git+https://github.com/servo/rust-fontconfig)",
 "freetype 0.1.0 (git+https://github.com/servo/rust-freetype)",
 "geom 0.1.0 (git+https://github.com/servo/rust-geom)",
 "harfbuzz 0.1.0 (git+https://github.com/servo/rust-harfbuzz)",
 "layers 0.1.0 (git+https://github.com/servo/rust-layers)",
 "msg 0.0.1",
 "net 0.0.1",
 "plugins 0.0.1",
 "png 0.1.0 (git+https://github.com/servo/rust-png)",
 "script_traits 0.0.1",
 "stb_image 0.1.0 (git+https://github.com/servo/rust-stb-image)",
 "style 0.0.1",
 "time 0.1.15 (registry+https://github.com/rust-lang/crates.io-index)",
 "url 0.2.17 (registry+https://github.com/rust-lang/crates.io-index)",
 "util 0.0.1",
]

[[package]]
name = "gl_common"
version = "0.0.3"
source = "git+https://github.com/bjz/gl-rs.git#c5303f86a9aac5392bae959b21a8af84e86510e3"

[[package]]
name = "gl_common"
version = "0.0.3"
source = "registry+https://github.com/rust-lang/crates.io-index"

[[package]]
name = "gl_generator"
version = "0.0.13"
source = "git+https://github.com/bjz/gl-rs.git#c5303f86a9aac5392bae959b21a8af84e86510e3"
dependencies = [
 "gl_common 0.0.3 (git+https://github.com/bjz/gl-rs.git)",
 "khronos_api 0.0.5 (git+https://github.com/bjz/gl-rs.git)",
 "log 0.2.1 (registry+https://github.com/rust-lang/crates.io-index)",
 "xml-rs 0.1.16 (registry+https://github.com/rust-lang/crates.io-index)",
]

[[package]]
name = "gl_generator"
version = "0.0.13"
source = "registry+https://github.com/rust-lang/crates.io-index"
dependencies = [
 "gl_common 0.0.3 (registry+https://github.com/rust-lang/crates.io-index)",
 "khronos_api 0.0.5 (registry+https://github.com/rust-lang/crates.io-index)",
 "log 0.2.1 (registry+https://github.com/rust-lang/crates.io-index)",
 "xml-rs 0.1.16 (registry+https://github.com/rust-lang/crates.io-index)",
]

[[package]]
name = "gleam"
version = "0.0.1"
source = "git+https://github.com/servo/gleam#c54eb9ad6d4b62b7effbe9c79a1b3720845b45b4"
dependencies = [
 "gl_generator 0.0.13 (git+https://github.com/bjz/gl-rs.git)",
]

[[package]]
name = "glutin"
version = "0.0.4-pre"
source = "git+https://github.com/servo/glutin?branch=servo#3814e0cadc85f558b7a417c9d4b97337382aeb36"
dependencies = [
 "android_glue 0.0.1 (git+https://github.com/tomaka/android-rs-glue)",
 "cocoa 0.1.1 (git+https://github.com/servo/rust-cocoa)",
 "core_foundation 0.1.0 (git+https://github.com/servo/rust-core-foundation)",
 "core_graphics 0.1.0 (git+https://github.com/servo/rust-core-graphics)",
 "gl_common 0.0.3 (registry+https://github.com/rust-lang/crates.io-index)",
 "gl_generator 0.0.13 (registry+https://github.com/rust-lang/crates.io-index)",
 "khronos_api 0.0.5 (registry+https://github.com/rust-lang/crates.io-index)",
 "winapi 0.0.5 (registry+https://github.com/rust-lang/crates.io-index)",
]

[[package]]
name = "glutin_app"
version = "0.0.1"
dependencies = [
 "cgl 0.0.1 (git+https://github.com/servo/rust-cgl)",
 "compositing 0.0.1",
 "egl 0.1.0 (git+https://github.com/servo/rust-egl)",
 "geom 0.1.0 (git+https://github.com/servo/rust-geom)",
 "gleam 0.0.1 (git+https://github.com/servo/gleam)",
 "glutin 0.0.4-pre (git+https://github.com/servo/glutin?branch=servo)",
 "layers 0.1.0 (git+https://github.com/servo/rust-layers)",
 "msg 0.0.1",
 "time 0.1.15 (registry+https://github.com/rust-lang/crates.io-index)",
 "util 0.0.1",
]

[[package]]
name = "glx"
version = "0.0.1"
source = "git+https://github.com/servo/rust-glx#8cfea36c566408fdc045e850bc809dc87a942697"
dependencies = [
 "gl_common 0.0.3 (git+https://github.com/bjz/gl-rs.git)",
 "gl_generator 0.0.13 (git+https://github.com/bjz/gl-rs.git)",
]

[[package]]
name = "harfbuzz"
version = "0.1.0"
source = "git+https://github.com/servo/rust-harfbuzz#59b5b18087418404d661784934c3d864386024b5"

[[package]]
name = "html5ever"
version = "0.0.0"
source = "git+https://github.com/servo/html5ever#6ef51804fe1ed4ca68d9e76cd66a3aa9f3df8d0a"
dependencies = [
 "html5ever_macros 0.0.0 (git+https://github.com/servo/html5ever)",
 "phf 0.6.0 (registry+https://github.com/rust-lang/crates.io-index)",
 "phf_mac 0.5.0 (registry+https://github.com/rust-lang/crates.io-index)",
 "string_cache 0.0.0 (git+https://github.com/servo/string-cache)",
 "string_cache_macros 0.0.0 (git+https://github.com/servo/string-cache)",
 "time 0.1.15 (registry+https://github.com/rust-lang/crates.io-index)",
]

[[package]]
name = "html5ever_macros"
version = "0.0.0"
source = "git+https://github.com/servo/html5ever#6ef51804fe1ed4ca68d9e76cd66a3aa9f3df8d0a"

[[package]]
name = "hyper"
version = "0.1.1"
source = "git+https://github.com/servo/hyper?branch=servo#7f48a7e945180a4f762dc75236210d20a69b4a6a"
dependencies = [
 "cookie 0.1.9 (registry+https://github.com/rust-lang/crates.io-index)",
 "log 0.2.1 (registry+https://github.com/rust-lang/crates.io-index)",
 "mime 0.0.7 (registry+https://github.com/rust-lang/crates.io-index)",
 "mucell 0.1.12 (registry+https://github.com/rust-lang/crates.io-index)",
 "openssl 0.2.18 (registry+https://github.com/rust-lang/crates.io-index)",
 "rustc-serialize 0.2.10 (registry+https://github.com/rust-lang/crates.io-index)",
 "time 0.1.15 (registry+https://github.com/rust-lang/crates.io-index)",
 "unicase 0.0.3 (registry+https://github.com/rust-lang/crates.io-index)",
 "unsafe-any 0.2.1 (registry+https://github.com/rust-lang/crates.io-index)",
 "url 0.2.17 (registry+https://github.com/rust-lang/crates.io-index)",
]

[[package]]
name = "io_surface"
version = "0.1.0"
source = "git+https://github.com/servo/rust-io-surface#691cbccc320c4fb9b75e215da9b0b82539d729bd"
dependencies = [
 "cgl 0.0.1 (git+https://github.com/servo/rust-cgl)",
 "core_foundation 0.1.0 (git+https://github.com/servo/rust-core-foundation)",
 "geom 0.1.0 (git+https://github.com/servo/rust-geom)",
 "gleam 0.0.1 (git+https://github.com/servo/gleam)",
]

[[package]]
name = "js"
version = "0.1.0"
source = "git+https://github.com/servo/rust-mozjs#37fb09a6c37f2ee4fbebf09ac1fbf3b1d66ac6c4"
dependencies = [
 "mozjs-sys 0.0.0 (git+https://github.com/servo/mozjs)",
]

[[package]]
name = "khronos_api"
version = "0.0.5"
source = "git+https://github.com/bjz/gl-rs.git#c5303f86a9aac5392bae959b21a8af84e86510e3"

[[package]]
name = "khronos_api"
version = "0.0.5"
source = "registry+https://github.com/rust-lang/crates.io-index"

[[package]]
name = "layers"
version = "0.1.0"
source = "git+https://github.com/servo/rust-layers#76f2ba0000bd5ae4d27742878fce505adb1a81e7"
dependencies = [
 "azure 0.1.0 (git+https://github.com/servo/rust-azure)",
 "cgl 0.0.1 (git+https://github.com/servo/rust-cgl)",
 "core_foundation 0.1.0 (git+https://github.com/servo/rust-core-foundation)",
 "egl 0.1.0 (git+https://github.com/servo/rust-egl)",
 "geom 0.1.0 (git+https://github.com/servo/rust-geom)",
 "gleam 0.0.1 (git+https://github.com/servo/gleam)",
 "glx 0.0.1 (git+https://github.com/servo/rust-glx)",
 "io_surface 0.1.0 (git+https://github.com/servo/rust-io-surface)",
 "xlib 0.1.0 (git+https://github.com/servo/rust-xlib)",
]

[[package]]
name = "layout"
version = "0.0.1"
dependencies = [
 "canvas 0.0.1",
 "cssparser 0.2.0 (git+https://github.com/servo/rust-cssparser)",
 "encoding 0.2.20 (registry+https://github.com/rust-lang/crates.io-index)",
 "geom 0.1.0 (git+https://github.com/servo/rust-geom)",
 "gfx 0.0.1",
 "layout_traits 0.0.1",
 "net 0.0.1",
 "plugins 0.0.1",
 "script 0.0.1",
 "script_traits 0.0.1",
 "string_cache 0.0.0 (git+https://github.com/servo/string-cache)",
 "string_cache_macros 0.0.0 (git+https://github.com/servo/string-cache)",
 "style 0.0.1",
 "url 0.2.17 (registry+https://github.com/rust-lang/crates.io-index)",
 "util 0.0.1",
]

[[package]]
name = "layout_traits"
version = "0.0.1"
dependencies = [
 "gfx 0.0.1",
 "msg 0.0.1",
 "net 0.0.1",
 "script_traits 0.0.1",
 "util 0.0.1",
]

[[package]]
name = "lazy_static"
version = "0.1.7"
source = "git+https://github.com/Kimundi/lazy-static.rs#b48b0c551087af9d598a0452f4e3973d98d4419b"

[[package]]
name = "libc"
version = "0.1.1"
source = "registry+https://github.com/rust-lang/crates.io-index"

[[package]]
name = "libressl-pnacl-sys"
version = "2.1.4"
source = "registry+https://github.com/rust-lang/crates.io-index"
dependencies = [
 "pnacl-build-helper 1.3.2 (registry+https://github.com/rust-lang/crates.io-index)",
]

[[package]]
name = "log"
version = "0.2.1"
source = "registry+https://github.com/rust-lang/crates.io-index"

[[package]]
name = "matches"
version = "0.1.2"
source = "registry+https://github.com/rust-lang/crates.io-index"

[[package]]
name = "mime"
version = "0.0.7"
source = "registry+https://github.com/rust-lang/crates.io-index"
dependencies = [
 "log 0.2.1 (registry+https://github.com/rust-lang/crates.io-index)",
]

[[package]]
name = "mod_path"
version = "0.1.0"
source = "registry+https://github.com/rust-lang/crates.io-index"

[[package]]
name = "mozjs-sys"
version = "0.0.0"
source = "git+https://github.com/servo/mozjs#58ee8869c7e589244ab2eb3a3ad15e2b64498428"

[[package]]
name = "msg"
version = "0.0.1"
dependencies = [
 "azure 0.1.0 (git+https://github.com/servo/rust-azure)",
 "core_foundation 0.1.0 (git+https://github.com/servo/rust-core-foundation)",
 "geom 0.1.0 (git+https://github.com/servo/rust-geom)",
 "hyper 0.1.1 (git+https://github.com/servo/hyper?branch=servo)",
 "io_surface 0.1.0 (git+https://github.com/servo/rust-io-surface)",
 "layers 0.1.0 (git+https://github.com/servo/rust-layers)",
 "style 0.0.1",
 "url 0.2.17 (registry+https://github.com/rust-lang/crates.io-index)",
 "util 0.0.1",
]

[[package]]
name = "mucell"
version = "0.1.12"
source = "registry+https://github.com/rust-lang/crates.io-index"

[[package]]
name = "net"
version = "0.0.1"
dependencies = [
 "geom 0.1.0 (git+https://github.com/servo/rust-geom)",
 "hyper 0.1.1 (git+https://github.com/servo/hyper?branch=servo)",
 "png 0.1.0 (git+https://github.com/servo/rust-png)",
 "stb_image 0.1.0 (git+https://github.com/servo/rust-stb-image)",
 "time 0.1.15 (registry+https://github.com/rust-lang/crates.io-index)",
 "url 0.2.17 (registry+https://github.com/rust-lang/crates.io-index)",
 "util 0.0.1",
]

[[package]]
name = "openssl"
version = "0.2.18"
source = "registry+https://github.com/rust-lang/crates.io-index"
dependencies = [
 "openssl-sys 0.2.18 (registry+https://github.com/rust-lang/crates.io-index)",
]

[[package]]
name = "openssl-sys"
version = "0.2.18"
source = "registry+https://github.com/rust-lang/crates.io-index"
dependencies = [
 "libressl-pnacl-sys 2.1.4 (registry+https://github.com/rust-lang/crates.io-index)",
 "pkg-config 0.1.7 (registry+https://github.com/rust-lang/crates.io-index)",
]

[[package]]
name = "phf"
version = "0.6.0"
source = "registry+https://github.com/rust-lang/crates.io-index"
dependencies = [
 "phf_shared 0.6.0 (registry+https://github.com/rust-lang/crates.io-index)",
]

[[package]]
name = "phf_mac"
version = "0.5.0"
source = "registry+https://github.com/rust-lang/crates.io-index"
dependencies = [
 "phf_shared 0.5.0 (registry+https://github.com/rust-lang/crates.io-index)",
]

[[package]]
name = "phf_shared"
version = "0.5.0"
source = "registry+https://github.com/rust-lang/crates.io-index"

[[package]]
name = "phf_shared"
version = "0.6.0"
source = "registry+https://github.com/rust-lang/crates.io-index"

[[package]]
name = "pkg-config"
version = "0.1.7"
source = "registry+https://github.com/rust-lang/crates.io-index"

[[package]]
name = "plugins"
version = "0.0.1"

[[package]]
name = "pnacl-build-helper"
version = "1.3.2"
source = "registry+https://github.com/rust-lang/crates.io-index"

[[package]]
name = "png"
version = "0.1.0"
source = "git+https://github.com/servo/rust-png#ade2143c96641abdaedd8bc556f45935d18c35df"
dependencies = [
 "gcc 0.1.7 (git+https://github.com/alexcrichton/gcc-rs)",
 "png-sys 1.6.16 (git+https://github.com/servo/rust-png)",
]

[[package]]
name = "png-sys"
version = "1.6.16"
source = "git+https://github.com/servo/rust-png#ade2143c96641abdaedd8bc556f45935d18c35df"

[[package]]
name = "rustc-serialize"
version = "0.2.10"
source = "registry+https://github.com/rust-lang/crates.io-index"

[[package]]
name = "script"
version = "0.0.1"
dependencies = [
 "canvas 0.0.1",
 "cssparser 0.2.0 (git+https://github.com/servo/rust-cssparser)",
 "devtools_traits 0.0.1",
 "encoding 0.2.20 (registry+https://github.com/rust-lang/crates.io-index)",
 "geom 0.1.0 (git+https://github.com/servo/rust-geom)",
 "gfx 0.0.1",
 "html5ever 0.0.0 (git+https://github.com/servo/html5ever)",
 "hyper 0.1.1 (git+https://github.com/servo/hyper?branch=servo)",
 "js 0.1.0 (git+https://github.com/servo/rust-mozjs)",
 "msg 0.0.1",
 "net 0.0.1",
 "plugins 0.0.1",
 "script_traits 0.0.1",
 "string_cache 0.0.0 (git+https://github.com/servo/string-cache)",
 "string_cache_macros 0.0.0 (git+https://github.com/servo/string-cache)",
 "style 0.0.1",
 "time 0.1.15 (registry+https://github.com/rust-lang/crates.io-index)",
 "url 0.2.17 (registry+https://github.com/rust-lang/crates.io-index)",
 "util 0.0.1",
 "uuid 0.1.8 (git+https://github.com/rust-lang/uuid)",
]

[[package]]
name = "script_traits"
version = "0.0.1"
dependencies = [
 "devtools_traits 0.0.1",
 "geom 0.1.0 (git+https://github.com/servo/rust-geom)",
 "msg 0.0.1",
 "net 0.0.1",
 "url 0.2.17 (registry+https://github.com/rust-lang/crates.io-index)",
 "util 0.0.1",
]

[[package]]
name = "servo"
version = "0.0.1"
dependencies = [
 "compositing 0.0.1",
 "devtools 0.0.1",
 "gfx 0.0.1",
 "glutin_app 0.0.1",
 "layout 0.0.1",
 "msg 0.0.1",
 "net 0.0.1",
 "png 0.1.0 (git+https://github.com/servo/rust-png)",
 "script 0.0.1",
 "time 0.1.15 (registry+https://github.com/rust-lang/crates.io-index)",
 "url 0.2.17 (registry+https://github.com/rust-lang/crates.io-index)",
 "util 0.0.1",
]

[[package]]
name = "skia"
version = "0.0.20130412"
source = "git+https://github.com/servo/skia?branch=upstream-2014-06-16#387777643df6df6ce8fb61ce069c7c60b32ab38c"
dependencies = [
 "expat-sys 2.1.0 (git+https://github.com/servo/libexpat)",
 "freetype-sys 2.4.11 (git+https://github.com/servo/libfreetype2)",
]

[[package]]
name = "stb_image"
version = "0.1.0"
source = "git+https://github.com/servo/rust-stb-image#2ba03a447b9ef101c25e07bb7f8876416e5fcd71"

[[package]]
name = "string_cache"
version = "0.0.0"
source = "git+https://github.com/servo/string-cache#b39816bf9b677077dc2c6849ee7190fcdff7e913"
dependencies = [
 "lazy_static 0.1.7 (git+https://github.com/Kimundi/lazy-static.rs)",
 "phf 0.6.0 (registry+https://github.com/rust-lang/crates.io-index)",
 "phf_mac 0.5.0 (registry+https://github.com/rust-lang/crates.io-index)",
 "string_cache_macros 0.0.0 (git+https://github.com/servo/string-cache)",
 "xxhash 0.0.8 (registry+https://github.com/rust-lang/crates.io-index)",
]

[[package]]
name = "string_cache_macros"
version = "0.0.0"
source = "git+https://github.com/servo/string-cache#b39816bf9b677077dc2c6849ee7190fcdff7e913"
dependencies = [
 "lazy_static 0.1.7 (git+https://github.com/Kimundi/lazy-static.rs)",
]

[[package]]
name = "style"
version = "0.0.1"
dependencies = [
 "cssparser 0.2.0 (git+https://github.com/servo/rust-cssparser)",
 "encoding 0.2.20 (registry+https://github.com/rust-lang/crates.io-index)",
 "geom 0.1.0 (git+https://github.com/servo/rust-geom)",
 "lazy_static 0.1.7 (git+https://github.com/Kimundi/lazy-static.rs)",
 "matches 0.1.2 (registry+https://github.com/rust-lang/crates.io-index)",
 "mod_path 0.1.0 (registry+https://github.com/rust-lang/crates.io-index)",
 "plugins 0.0.1",
 "string_cache 0.0.0 (git+https://github.com/servo/string-cache)",
 "string_cache_macros 0.0.0 (git+https://github.com/servo/string-cache)",
 "text_writer 0.1.8 (registry+https://github.com/rust-lang/crates.io-index)",
 "url 0.2.17 (registry+https://github.com/rust-lang/crates.io-index)",
 "util 0.0.1",
]

[[package]]
name = "task_info"
version = "0.0.1"

[[package]]
name = "text_writer"
version = "0.1.8"
source = "registry+https://github.com/rust-lang/crates.io-index"

[[package]]
name = "time"
version = "0.1.15"
source = "registry+https://github.com/rust-lang/crates.io-index"
dependencies = [
 "gcc 0.1.7 (registry+https://github.com/rust-lang/crates.io-index)",
 "libc 0.1.1 (registry+https://github.com/rust-lang/crates.io-index)",
]

[[package]]
name = "unicase"
version = "0.0.3"
source = "registry+https://github.com/rust-lang/crates.io-index"

[[package]]
name = "unsafe-any"
version = "0.2.1"
source = "registry+https://github.com/rust-lang/crates.io-index"

[[package]]
name = "url"
version = "0.2.17"
source = "registry+https://github.com/rust-lang/crates.io-index"
dependencies = [
 "matches 0.1.2 (registry+https://github.com/rust-lang/crates.io-index)",
 "rustc-serialize 0.2.10 (registry+https://github.com/rust-lang/crates.io-index)",
]

[[package]]
name = "util"
version = "0.0.1"
dependencies = [
 "cssparser 0.2.0 (git+https://github.com/servo/rust-cssparser)",
 "geom 0.1.0 (git+https://github.com/servo/rust-geom)",
 "layers 0.1.0 (git+https://github.com/servo/rust-layers)",
 "plugins 0.0.1",
 "string_cache 0.0.0 (git+https://github.com/servo/string-cache)",
 "string_cache_macros 0.0.0 (git+https://github.com/servo/string-cache)",
 "task_info 0.0.1",
 "text_writer 0.1.8 (registry+https://github.com/rust-lang/crates.io-index)",
 "time 0.1.15 (registry+https://github.com/rust-lang/crates.io-index)",
 "url 0.2.17 (registry+https://github.com/rust-lang/crates.io-index)",
]

[[package]]
name = "uuid"
version = "0.1.8"
source = "git+https://github.com/rust-lang/uuid#86693857634b5d8249cf75d1605e9360bd4424e7"
dependencies = [
 "rustc-serialize 0.2.10 (registry+https://github.com/rust-lang/crates.io-index)",
]

[[package]]
name = "winapi"
version = "0.0.5"
source = "registry+https://github.com/rust-lang/crates.io-index"

[[package]]
name = "xlib"
version = "0.1.0"
source = "git+https://github.com/servo/rust-xlib#138b0e281b9fd64f7d2e17080fa9a2d4a8554313"

[[package]]
name = "xml-rs"
version = "0.1.16"
source = "registry+https://github.com/rust-lang/crates.io-index"
dependencies = [
 "bitflags 0.1.0 (registry+https://github.com/rust-lang/crates.io-index)",
]

[[package]]
name = "xxhash"
version = "0.0.8"
source = "registry+https://github.com/rust-lang/crates.io-index"

